
Microsoft Visual Studio Solution File, Format Version 12.00
# Visual Studio Version 17
VisualStudioVersion = 17.13.35931.197
MinimumVisualStudioVersion = 10.0.40219.1
Project("{2150E333-8FDC-42A3-9474-1A3956D46DE8}") = "ESoft.CRM", "ESoft.CRM", "{02EA681E-C7D8-13C7-8484-4AC65E1B71E8}"
EndProject
Project("{2150E333-8FDC-42A3-9474-1A3956D46DE8}") = "ESoft.Core", "ESoft.Core", "{76368E7E-06F8-4296-B667-BDE5DC39270C}"
EndProject
Project("{FAE04EC0-301F-11D3-BF4B-00C04F79EFBC}") = "ESoft.Core", "Esoft.Core\ESoft.Core.csproj", "{7D593D0A-DFF0-45D3-89BF-A94627ECFD70}"
EndProject
Project("{FAE04EC0-301F-11D3-BF4B-00C04F79EFBC}") = "ESoft.CRM.API", "ESoft.CRM\ESoft.CRM.API\ESoft.CRM.API.csproj", "{6E0EA1EE-EE9E-7ED2-6DF2-8A8C1D76D6AA}"
EndProject
Project("{FAE04EC0-301F-11D3-BF4B-00C04F79EFBC}") = "ESoft.CRM.Application", "ESoft.CRM\ESoft.CRM.Application\ESoft.CRM.Application.csproj", "{ABFD90C9-3EEF-29F9-1F61-41ECB8534165}"
EndProject
Project("{FAE04EC0-301F-11D3-BF4B-00C04F79EFBC}") = "ESoft.CRM.Domain", "ESoft.CRM\ESoft.CRM.Domain\ESoft.CRM.Domain.csproj", "{137A593B-ABC9-69D9-101B-66B1EA590A4C}"
EndProject
Project("{FAE04EC0-301F-11D3-BF4B-00C04F79EFBC}") = "ESoft.CRM.Infrastructure", "ESoft.CRM\ESoft.CRM.Persistence\ESoft.CRM.Infrastructure.csproj", "{32BEDC60-6644-4416-C5F8-3C79826E4B7A}"
EndProject
Project("{2150E333-8FDC-42A3-9474-1A3956D46DE8}") = "ESoft.SignalR", "ESoft.SignalR", "{9F1C82DA-7329-4243-A0A3-84B8C17BE99F}"
EndProject
Project("{2150E333-8FDC-42A3-9474-1A3956D46DE8}") = "ESoft", "ESoft", "{397E6C85-72CC-4447-A3DC-8453020FA9C5}"
EndProject
Project("{FAE04EC0-301F-11D3-BF4B-00C04F79EFBC}") = "ESoft.Products.API", "ESoft.Products\ESoft.Products.API\ESoft.Products.API.csproj", "{DECEADCC-92AA-41B2-B822-42B9D0C8AF06}"
EndProject
Project("{FAE04EC0-301F-11D3-BF4B-00C04F79EFBC}") = "ESoft.SignalR.API", "ESoft.SignalR\ESoft.SignalR.API\ESoft.SignalR.API.csproj", "{17E08A2B-7785-DF17-348B-C70CCC8D5B50}"
EndProject
Global
	GlobalSection(SolutionConfigurationPlatforms) = preSolution
		Debug|Any CPU = Debug|Any CPU
		Release|Any CPU = Release|Any CPU
	EndGlobalSection
	GlobalSection(ProjectConfigurationPlatforms) = postSolution
		{7D593D0A-DFF0-45D3-89BF-A94627ECFD70}.Debug|Any CPU.ActiveCfg = Debug|Any CPU
		{7D593D0A-DFF0-45D3-89BF-A94627ECFD70}.Debug|Any CPU.Build.0 = Debug|Any CPU
		{7D593D0A-DFF0-45D3-89BF-A94627ECFD70}.Release|Any CPU.ActiveCfg = Release|Any CPU
		{7D593D0A-DFF0-45D3-89BF-A94627ECFD70}.Release|Any CPU.Build.0 = Release|Any CPU
		{6E0EA1EE-EE9E-7ED2-6DF2-8A8C1D76D6AA}.Debug|Any CPU.ActiveCfg = Debug|Any CPU
		{6E0EA1EE-EE9E-7ED2-6DF2-8A8C1D76D6AA}.Debug|Any CPU.Build.0 = Debug|Any CPU
		{6E0EA1EE-EE9E-7ED2-6DF2-8A8C1D76D6AA}.Release|Any CPU.ActiveCfg = Release|Any CPU
		{6E0EA1EE-EE9E-7ED2-6DF2-8A8C1D76D6AA}.Release|Any CPU.Build.0 = Release|Any CPU
		{ABFD90C9-3EEF-29F9-1F61-41ECB8534165}.Debug|Any CPU.ActiveCfg = Debug|Any CPU
		{ABFD90C9-3EEF-29F9-1F61-41ECB8534165}.Debug|Any CPU.Build.0 = Debug|Any CPU
		{ABFD90C9-3EEF-29F9-1F61-41ECB8534165}.Release|Any CPU.ActiveCfg = Release|Any CPU
		{ABFD90C9-3EEF-29F9-1F61-41ECB8534165}.Release|Any CPU.Build.0 = Release|Any CPU
		{137A593B-ABC9-69D9-101B-66B1EA590A4C}.Debug|Any CPU.ActiveCfg = Debug|Any CPU
		{137A593B-ABC9-69D9-101B-66B1EA590A4C}.Debug|Any CPU.Build.0 = Debug|Any CPU
		{137A593B-ABC9-69D9-101B-66B1EA590A4C}.Release|Any CPU.ActiveCfg = Release|Any CPU
		{137A593B-ABC9-69D9-101B-66B1EA590A4C}.Release|Any CPU.Build.0 = Release|Any CPU
		{32BEDC60-6644-4416-C5F8-3C79826E4B7A}.Debug|Any CPU.ActiveCfg = Debug|Any CPU
		{32BEDC60-6644-4416-C5F8-3C79826E4B7A}.Debug|Any CPU.Build.0 = Debug|Any CPU
		{32BEDC60-6644-4416-C5F8-3C79826E4B7A}.Release|Any CPU.ActiveCfg = Release|Any CPU
		{32BEDC60-6644-4416-C5F8-3C79826E4B7A}.Release|Any CPU.Build.0 = Release|Any CPU
		{DECEADCC-92AA-41B2-B822-42B9D0C8AF06}.Debug|Any CPU.ActiveCfg = Debug|Any CPU
		{DECEADCC-92AA-41B2-B822-42B9D0C8AF06}.Debug|Any CPU.Build.0 = Debug|Any CPU
		{DECEADCC-92AA-41B2-B822-42B9D0C8AF06}.Release|Any CPU.ActiveCfg = Release|Any CPU
		{DECEADCC-92AA-41B2-B822-42B9D0C8AF06}.Release|Any CPU.Build.0 = Release|Any CPU
		{17E08A2B-7785-DF17-348B-C70CCC8D5B50}.Debug|Any CPU.ActiveCfg = Debug|Any CPU
		{17E08A2B-7785-DF17-348B-C70CCC8D5B50}.Debug|Any CPU.Build.0 = Debug|Any CPU
		{17E08A2B-7785-DF17-348B-C70CCC8D5B50}.Release|Any CPU.ActiveCfg = Release|Any CPU
		{17E08A2B-7785-DF17-348B-C70CCC8D5B50}.Release|Any CPU.Build.0 = Release|Any CPU
	EndGlobalSection
	GlobalSection(SolutionProperties) = preSolution
		HideSolutionNode = FALSE
	EndGlobalSection
	GlobalSection(NestedProjects) = preSolution
		{7D593D0A-DFF0-45D3-89BF-A94627ECFD70} = {76368E7E-06F8-4296-B667-BDE5DC39270C}
		{6E0EA1EE-EE9E-7ED2-6DF2-8A8C1D76D6AA} = {02EA681E-C7D8-13C7-8484-4AC65E1B71E8}
		{ABFD90C9-3EEF-29F9-1F61-41ECB8534165} = {02EA681E-C7D8-13C7-8484-4AC65E1B71E8}
		{137A593B-ABC9-69D9-101B-66B1EA590A4C} = {02EA681E-C7D8-13C7-8484-4AC65E1B71E8}
		{32BEDC60-6644-4416-C5F8-3C79826E4B7A} = {02EA681E-C7D8-13C7-8484-4AC65E1B71E8}
		{DECEADCC-92AA-41B2-B822-42B9D0C8AF06} = {397E6C85-72CC-4447-A3DC-8453020FA9C5}
		{17E08A2B-7785-DF17-348B-C70CCC8D5B50} = {9F1C82DA-7329-4243-A0A3-84B8C17BE99F}
	EndGlobalSection
	GlobalSection(ExtensibilityGlobals) = postSolution
		SolutionGuid = {75303C05-1AF1-4DC9-8FA1-CCB97333B146}
	EndGlobalSection
EndGlobal
