
Microsoft Visual Studio Solution File, Format Version 12.00
# Visual Studio Version 17
VisualStudioVersion = 17.13.35931.197 d17.13
MinimumVisualStudioVersion = 10.0.40219.1
Project("{FAE04EC0-301F-11D3-BF4B-00C04F79EFBC}") = "ESoft.CRM.API", "ESoft.CRM.API\ESoft.CRM.API.csproj", "{BD531103-2304-4D4B-B141-672B8BC1A83D}"
EndProject
Project("{2150E333-8FDC-42A3-9474-1A3956D46DE8}") = "ESoft.CRM", "ESoft.CRM", "{02EA681E-C7D8-13C7-8484-4AC65E1B71E8}"
EndProject
Project("{FAE04EC0-301F-11D3-BF4B-00C04F79EFBC}") = "ESoft.CRM.Domain", "ESoft.CRM.Domain\ESoft.CRM.Domain.csproj", "{E9C5FF1A-C4EF-44CF-A205-3F23B6FD763A}"
EndProject
Project("{FAE04EC0-301F-11D3-BF4B-00C04F79EFBC}") = "ESoft.CRM.Application", "ESoft.CRM.Application\ESoft.CRM.Application.csproj", "{565453EB-20BD-49B7-9CCF-0A20A0B1318A}"
EndProject
Project("{FAE04EC0-301F-11D3-BF4B-00C04F79EFBC}") = "ESoft.CRM.Infrastructure", "ESoft.CRM.Persistence\ESoft.CRM.Infrastructure.csproj", "{3046B06F-5F49-4462-996F-04EC2B68387E}"
EndProject
Project("{2150E333-8FDC-42A3-9474-1A3956D46DE8}") = "ESoft.Core", "ESoft.Core", "{76368E7E-06F8-4296-B667-BDE5DC39270C}"
EndProject
Project("{FAE04EC0-301F-11D3-BF4B-00C04F79EFBC}") = "Esoft.Core", "Esoft.Core\Esoft.Core.csproj", "{7D593D0A-DFF0-45D3-89BF-A94627ECFD70}"
EndProject
Project("{FAE04EC0-301F-11D3-BF4B-00C04F79EFBC}") = "ESoft.Core.Interfaces", "ESoft.Core.Interfaces\ESoft.Core.Interfaces.csproj", "{F060C27D-329A-47CD-A78A-3A374513C01D}"
EndProject
Global
	GlobalSection(SolutionConfigurationPlatforms) = preSolution
		Debug|Any CPU = Debug|Any CPU
		Release|Any CPU = Release|Any CPU
	EndGlobalSection
	GlobalSection(ProjectConfigurationPlatforms) = postSolution
		{BD531103-2304-4D4B-B141-672B8BC1A83D}.Debug|Any CPU.ActiveCfg = Debug|Any CPU
		{BD531103-2304-4D4B-B141-672B8BC1A83D}.Debug|Any CPU.Build.0 = Debug|Any CPU
		{BD531103-2304-4D4B-B141-672B8BC1A83D}.Release|Any CPU.ActiveCfg = Release|Any CPU
		{BD531103-2304-4D4B-B141-672B8BC1A83D}.Release|Any CPU.Build.0 = Release|Any CPU
		{E9C5FF1A-C4EF-44CF-A205-3F23B6FD763A}.Debug|Any CPU.ActiveCfg = Debug|Any CPU
		{E9C5FF1A-C4EF-44CF-A205-3F23B6FD763A}.Debug|Any CPU.Build.0 = Debug|Any CPU
		{E9C5FF1A-C4EF-44CF-A205-3F23B6FD763A}.Release|Any CPU.ActiveCfg = Release|Any CPU
		{E9C5FF1A-C4EF-44CF-A205-3F23B6FD763A}.Release|Any CPU.Build.0 = Release|Any CPU
		{565453EB-20BD-49B7-9CCF-0A20A0B1318A}.Debug|Any CPU.ActiveCfg = Debug|Any CPU
		{565453EB-20BD-49B7-9CCF-0A20A0B1318A}.Debug|Any CPU.Build.0 = Debug|Any CPU
		{565453EB-20BD-49B7-9CCF-0A20A0B1318A}.Release|Any CPU.ActiveCfg = Release|Any CPU
		{565453EB-20BD-49B7-9CCF-0A20A0B1318A}.Release|Any CPU.Build.0 = Release|Any CPU
		{3046B06F-5F49-4462-996F-04EC2B68387E}.Debug|Any CPU.ActiveCfg = Debug|Any CPU
		{3046B06F-5F49-4462-996F-04EC2B68387E}.Debug|Any CPU.Build.0 = Debug|Any CPU
		{3046B06F-5F49-4462-996F-04EC2B68387E}.Release|Any CPU.ActiveCfg = Release|Any CPU
		{3046B06F-5F49-4462-996F-04EC2B68387E}.Release|Any CPU.Build.0 = Release|Any CPU
		{7D593D0A-DFF0-45D3-89BF-A94627ECFD70}.Debug|Any CPU.ActiveCfg = Debug|Any CPU
		{7D593D0A-DFF0-45D3-89BF-A94627ECFD70}.Debug|Any CPU.Build.0 = Debug|Any CPU
		{7D593D0A-DFF0-45D3-89BF-A94627ECFD70}.Release|Any CPU.ActiveCfg = Release|Any CPU
		{7D593D0A-DFF0-45D3-89BF-A94627ECFD70}.Release|Any CPU.Build.0 = Release|Any CPU
		{F060C27D-329A-47CD-A78A-3A374513C01D}.Debug|Any CPU.ActiveCfg = Debug|Any CPU
		{F060C27D-329A-47CD-A78A-3A374513C01D}.Debug|Any CPU.Build.0 = Debug|Any CPU
		{F060C27D-329A-47CD-A78A-3A374513C01D}.Release|Any CPU.ActiveCfg = Release|Any CPU
		{F060C27D-329A-47CD-A78A-3A374513C01D}.Release|Any CPU.Build.0 = Release|Any CPU
	EndGlobalSection
	GlobalSection(SolutionProperties) = preSolution
		HideSolutionNode = FALSE
	EndGlobalSection
	GlobalSection(NestedProjects) = preSolution
		{BD531103-2304-4D4B-B141-672B8BC1A83D} = {02EA681E-C7D8-13C7-8484-4AC65E1B71E8}
		{E9C5FF1A-C4EF-44CF-A205-3F23B6FD763A} = {02EA681E-C7D8-13C7-8484-4AC65E1B71E8}
		{565453EB-20BD-49B7-9CCF-0A20A0B1318A} = {02EA681E-C7D8-13C7-8484-4AC65E1B71E8}
		{3046B06F-5F49-4462-996F-04EC2B68387E} = {02EA681E-C7D8-13C7-8484-4AC65E1B71E8}
		{7D593D0A-DFF0-45D3-89BF-A94627ECFD70} = {76368E7E-06F8-4296-B667-BDE5DC39270C}
		{F060C27D-329A-47CD-A78A-3A374513C01D} = {76368E7E-06F8-4296-B667-BDE5DC39270C}
	EndGlobalSection
	GlobalSection(ExtensibilityGlobals) = postSolution
		SolutionGuid = {75303C05-1AF1-4DC9-8FA1-CCB97333B146}
	EndGlobalSection
EndGlobal
